
Microsoft Visual Studio Solution File, Format Version 12.00
# Visual Studio 15
VisualStudioVersion = 15.0.26124.0
MinimumVisualStudioVersion = 15.0.26124.0
Project("{2150E333-8FDC-42A3-9474-1A3956D46DE8}") = "src", "src", "{05A9E6AB-FBC7-4045-BE06-E9592A8753E8}"
EndProject
Project("{FAE04EC0-301F-11D3-BF4B-00C04F79EFBC}") = "GradeBook", "src\GradeBook\GradeBook.csproj", "{B44DA272-C5D0-43E4-B920-424063F51B20}"
EndProject
Project("{2150E333-8FDC-42A3-9474-1A3956D46DE8}") = "test", "test", "{FB728A99-FA94-4452-A205-40A649AB16C1}"
EndProject
Project("{FAE04EC0-301F-11D3-BF4B-00C04F79EFBC}") = "GradeBook.Tests", "test\GradeBook.Tests\GradeBook.Tests.csproj", "{82E8D592-0075-46FB-87AD-B2E5721BBC48}"
EndProject
Global
	GlobalSection(SolutionConfigurationPlatforms) = preSolution
		Debug|Any CPU = Debug|Any CPU
		Debug|x64 = Debug|x64
		Debug|x86 = Debug|x86
		Release|Any CPU = Release|Any CPU
		Release|x64 = Release|x64
		Release|x86 = Release|x86
	EndGlobalSection
	GlobalSection(SolutionProperties) = preSolution
		HideSolutionNode = FALSE
	EndGlobalSection
	GlobalSection(ProjectConfigurationPlatforms) = postSolution
		{B44DA272-C5D0-43E4-B920-424063F51B20}.Debug|Any CPU.ActiveCfg = Debug|Any CPU
		{B44DA272-C5D0-43E4-B920-424063F51B20}.Debug|Any CPU.Build.0 = Debug|Any CPU
		{B44DA272-C5D0-43E4-B920-424063F51B20}.Debug|x64.ActiveCfg = Debug|Any CPU
		{B44DA272-C5D0-43E4-B920-424063F51B20}.Debug|x64.Build.0 = Debug|Any CPU
		{B44DA272-C5D0-43E4-B920-424063F51B20}.Debug|x86.ActiveCfg = Debug|Any CPU
		{B44DA272-C5D0-43E4-B920-424063F51B20}.Debug|x86.Build.0 = Debug|Any CPU
		{B44DA272-C5D0-43E4-B920-424063F51B20}.Release|Any CPU.ActiveCfg = Release|Any CPU
		{B44DA272-C5D0-43E4-B920-424063F51B20}.Release|Any CPU.Build.0 = Release|Any CPU
		{B44DA272-C5D0-43E4-B920-424063F51B20}.Release|x64.ActiveCfg = Release|Any CPU
		{B44DA272-C5D0-43E4-B920-424063F51B20}.Release|x64.Build.0 = Release|Any CPU
		{B44DA272-C5D0-43E4-B920-424063F51B20}.Release|x86.ActiveCfg = Release|Any CPU
		{B44DA272-C5D0-43E4-B920-424063F51B20}.Release|x86.Build.0 = Release|Any CPU
		{82E8D592-0075-46FB-87AD-B2E5721BBC48}.Debug|Any CPU.ActiveCfg = Debug|Any CPU
		{82E8D592-0075-46FB-87AD-B2E5721BBC48}.Debug|Any CPU.Build.0 = Debug|Any CPU
		{82E8D592-0075-46FB-87AD-B2E5721BBC48}.Debug|x64.ActiveCfg = Debug|Any CPU
		{82E8D592-0075-46FB-87AD-B2E5721BBC48}.Debug|x64.Build.0 = Debug|Any CPU
		{82E8D592-0075-46FB-87AD-B2E5721BBC48}.Debug|x86.ActiveCfg = Debug|Any CPU
		{82E8D592-0075-46FB-87AD-B2E5721BBC48}.Debug|x86.Build.0 = Debug|Any CPU
		{82E8D592-0075-46FB-87AD-B2E5721BBC48}.Release|Any CPU.ActiveCfg = Release|Any CPU
		{82E8D592-0075-46FB-87AD-B2E5721BBC48}.Release|Any CPU.Build.0 = Release|Any CPU
		{82E8D592-0075-46FB-87AD-B2E5721BBC48}.Release|x64.ActiveCfg = Release|Any CPU
		{82E8D592-0075-46FB-87AD-B2E5721BBC48}.Release|x64.Build.0 = Release|Any CPU
		{82E8D592-0075-46FB-87AD-B2E5721BBC48}.Release|x86.ActiveCfg = Release|Any CPU
		{82E8D592-0075-46FB-87AD-B2E5721BBC48}.Release|x86.Build.0 = Release|Any CPU
	EndGlobalSection
	GlobalSection(NestedProjects) = preSolution
		{B44DA272-C5D0-43E4-B920-424063F51B20} = {05A9E6AB-FBC7-4045-BE06-E9592A8753E8}
		{82E8D592-0075-46FB-87AD-B2E5721BBC48} = {FB728A99-FA94-4452-A205-40A649AB16C1}
	EndGlobalSection
EndGlobal
